
Microsoft Visual Studio Solution File, Format Version 12.00
# Visual Studio Version 17
VisualStudioVersion = 17.4.33213.308
MinimumVisualStudioVersion = 10.0.40219.1
Project("{FAE04EC0-301F-11D3-BF4B-00C04F79EFBC}") = "CreatingContextMenuSample", "CreatingContextMenuSample.csproj", "{8AC5AE14-44A6-4BB9-9A49-C5843CBCC01B}"
EndProject
Global
	GlobalSection(SolutionConfigurationPlatforms) = preSolution
		Debug|Any CPU = Debug|Any CPU
		Release|Any CPU = Release|Any CPU
	EndGlobalSection
	GlobalSection(ProjectConfigurationPlatforms) = postSolution
		{8AC5AE14-44A6-4BB9-9A49-C5843CBCC01B}.Debug|Any CPU.ActiveCfg = Debug|Any CPU
		{8AC5AE14-44A6-4BB9-9A49-C5843CBCC01B}.Debug|Any CPU.Build.0 = Debug|Any CPU
		{8AC5AE14-44A6-4BB9-9A49-C5843CBCC01B}.Release|Any CPU.ActiveCfg = Release|Any CPU
		{8AC5AE14-44A6-4BB9-9A49-C5843CBCC01B}.Release|Any CPU.Build.0 = Release|Any CPU
	EndGlobalSection
	GlobalSection(SolutionProperties) = preSolution
		HideSolutionNode = FALSE
	EndGlobalSection
	GlobalSection(ExtensibilityGlobals) = postSolution
		SolutionGuid = {2C823337-2500-41AD-A6C2-347B46FFE768}
	EndGlobalSection
EndGlobal
